<?xml version="1.0" encoding="utf-8"?>
<Project ToolsVersion="4.0" xmlns="http://schemas.microsoft.com/developer/msbuild/2003">
  <ItemGroup>
    <Filter Include="Source Files">
      <UniqueIdentifier>{2dd7bf55-c3ed-497f-9b29-20c83f5d46d6}</UniqueIdentifier>
      <Extensions>cpp;c;cxx;rc;def;r;odl;idl;hpj;bat</Extensions>
    </Filter>
    <Filter Include="Header Files">
      <UniqueIdentifier>{36d7c098-6156-4f7d-b08e-c2069b867e72}</UniqueIdentifier>
      <Extensions>h;hpp;hxx;hm;inl</Extensions>
    </Filter>
    <Filter Include="Resource Files">
      <UniqueIdentifier>{3ed4fc8a-91d3-4d85-9ae4-94b850f69fc1}</UniqueIdentifier>
      <Extensions>ico;cur;bmp;dlg;rc2;rct;bin;rgs;gif;jpg;jpeg;jpe</Extensions>
    </Filter>
  </ItemGroup>
  <ItemGroup>
    <ClCompile Include="ExpressionTest.cpp">
      <Filter>Source Files</Filter>
    </ClCompile>
    <ClCompile Include="other.cpp">
      <Filter>Source Files</Filter>
    </ClCompile>
    <ClCompile Include="Sqstack.cpp">
      <Filter>Source Files</Filter>
    </ClCompile>
  </ItemGroup>
  <ItemGroup>
    <ClInclude Include="other.h">
      <Filter>Header Files</Filter>
    </ClInclude>
    <ClInclude Include="Sqstack.h">
      <Filter>Header Files</Filter>
    </ClInclude>
  </ItemGroup>
</Project>